
Microsoft Visual Studio Solution File, Format Version 12.00
# Visual Studio Version 17
VisualStudioVersion = 17.14.36915.13 d17.14
MinimumVisualStudioVersion = 10.0.40219.1
Project("{FAE04EC0-301F-11D3-BF4B-00C04F79EFBC}") = "3B_ServiceWeb", "3B_ServiceWeb\3B_ServiceWeb.csproj", "{ED1FC9B8-B1DC-4043-B4B8-70DE3FA33E67}"
EndProject
Global
	GlobalSection(SolutionConfigurationPlatforms) = preSolution
		Debug|Any CPU = Debug|Any CPU
		Release|Any CPU = Release|Any CPU
	EndGlobalSection
	GlobalSection(ProjectConfigurationPlatforms) = postSolution
		{ED1FC9B8-B1DC-4043-B4B8-70DE3FA33E67}.Debug|Any CPU.ActiveCfg = Debug|Any CPU
		{ED1FC9B8-B1DC-4043-B4B8-70DE3FA33E67}.Debug|Any CPU.Build.0 = Debug|Any CPU
		{ED1FC9B8-B1DC-4043-B4B8-70DE3FA33E67}.Release|Any CPU.ActiveCfg = Release|Any CPU
		{ED1FC9B8-B1DC-4043-B4B8-70DE3FA33E67}.Release|Any CPU.Build.0 = Release|Any CPU
	EndGlobalSection
	GlobalSection(SolutionProperties) = preSolution
		HideSolutionNode = FALSE
	EndGlobalSection
	GlobalSection(ExtensibilityGlobals) = postSolution
		SolutionGuid = {E40B6F36-8B20-4A72-BC48-66AE490E6BE6}
	EndGlobalSection
EndGlobal
